
Microsoft Visual Studio Solution File, Format Version 12.00
# Visual Studio 2012
Project("{F184B08F-C81C-45F6-A57F-5ABD9991F28F}") = "LogIn64", "LogIn64.vbproj", "{1E7E9DAF-9BBD-4FEA-838C-89C2218409D8}"
EndProject
Global
	GlobalSection(SolutionConfigurationPlatforms) = preSolution
		Debug|Any CPU = Debug|Any CPU
		Release|Any CPU = Release|Any CPU
	EndGlobalSection
	GlobalSection(ProjectConfigurationPlatforms) = postSolution
		{1E7E9DAF-9BBD-4FEA-838C-89C2218409D8}.Debug|Any CPU.ActiveCfg = Debug|Any CPU
		{1E7E9DAF-9BBD-4FEA-838C-89C2218409D8}.Debug|Any CPU.Build.0 = Debug|Any CPU
		{1E7E9DAF-9BBD-4FEA-838C-89C2218409D8}.Release|Any CPU.ActiveCfg = Release|Any CPU
		{1E7E9DAF-9BBD-4FEA-838C-89C2218409D8}.Release|Any CPU.Build.0 = Release|Any CPU
	EndGlobalSection
	GlobalSection(SolutionProperties) = preSolution
		HideSolutionNode = FALSE
	EndGlobalSection
EndGlobal
