
Microsoft Visual Studio Solution File, Format Version 12.00
# Visual Studio Version 17
VisualStudioVersion = 17.2.32630.192
MinimumVisualStudioVersion = 10.0.40219.1
Project("{F184B08F-C81C-45F6-A57F-5ABD9991F28F}") = "CptCardControl64", "CptCardControl64.vbproj", "{24AEB93E-F593-486B-B7EC-8441D171395F}"
EndProject
Global
	GlobalSection(SolutionConfigurationPlatforms) = preSolution
		Debug|Any CPU = Debug|Any CPU
		Release|Any CPU = Release|Any CPU
	EndGlobalSection
	GlobalSection(ProjectConfigurationPlatforms) = postSolution
		{24AEB93E-F593-486B-B7EC-8441D171395F}.Debug|Any CPU.ActiveCfg = Debug|Any CPU
		{24AEB93E-F593-486B-B7EC-8441D171395F}.Debug|Any CPU.Build.0 = Debug|Any CPU
		{24AEB93E-F593-486B-B7EC-8441D171395F}.Release|Any CPU.ActiveCfg = Release|Any CPU
		{24AEB93E-F593-486B-B7EC-8441D171395F}.Release|Any CPU.Build.0 = Release|Any CPU
	EndGlobalSection
	GlobalSection(SolutionProperties) = preSolution
		HideSolutionNode = FALSE
	EndGlobalSection
	GlobalSection(ExtensibilityGlobals) = postSolution
		SolutionGuid = {7AF99A15-A5E6-498D-90CF-BFF307875CBE}
	EndGlobalSection
EndGlobal
