
Microsoft Visual Studio Solution File, Format Version 12.00
# Visual Studio 2012
Project("{F184B08F-C81C-45F6-A57F-5ABD9991F28F}") = "IConexiones", "IConexiones\IConexiones.vbproj", "{BCE2E747-320C-443F-ACFE-ACA97BDA5803}"
EndProject
Project("{F184B08F-C81C-45F6-A57F-5ABD9991F28F}") = "Conexiones64", "..\..\1_0_stdConexiones64_dll\Conexiones64\Conexiones64\Conexiones64.vbproj", "{7BF52EE1-2C14-45D2-8153-6F28538F19B6}"
EndProject
Global
	GlobalSection(SolutionConfigurationPlatforms) = preSolution
		Debug|Any CPU = Debug|Any CPU
		Release|Any CPU = Release|Any CPU
	EndGlobalSection
	GlobalSection(ProjectConfigurationPlatforms) = postSolution
		{BCE2E747-320C-443F-ACFE-ACA97BDA5803}.Debug|Any CPU.ActiveCfg = Debug|Any CPU
		{BCE2E747-320C-443F-ACFE-ACA97BDA5803}.Debug|Any CPU.Build.0 = Debug|Any CPU
		{BCE2E747-320C-443F-ACFE-ACA97BDA5803}.Release|Any CPU.ActiveCfg = Release|Any CPU
		{BCE2E747-320C-443F-ACFE-ACA97BDA5803}.Release|Any CPU.Build.0 = Release|Any CPU
		{7BF52EE1-2C14-45D2-8153-6F28538F19B6}.Debug|Any CPU.ActiveCfg = Debug|Any CPU
		{7BF52EE1-2C14-45D2-8153-6F28538F19B6}.Debug|Any CPU.Build.0 = Debug|Any CPU
		{7BF52EE1-2C14-45D2-8153-6F28538F19B6}.Release|Any CPU.ActiveCfg = Release|Any CPU
		{7BF52EE1-2C14-45D2-8153-6F28538F19B6}.Release|Any CPU.Build.0 = Release|Any CPU
	EndGlobalSection
	GlobalSection(SolutionProperties) = preSolution
		HideSolutionNode = FALSE
	EndGlobalSection
EndGlobal
