
Microsoft Visual Studio Solution File, Format Version 12.00
# Visual Studio Version 17
VisualStudioVersion = 17.6.33723.286
MinimumVisualStudioVersion = 10.0.40219.1
Project("{F184B08F-C81C-45F6-A57F-5ABD9991F28F}") = "ConstructorManifestacionValor64", "ConstructorManifestacionValor64.vbproj", "{C7BBD082-4595-4343-939C-5B041F59BEC1}"
EndProject
Global
	GlobalSection(SolutionConfigurationPlatforms) = preSolution
		Debug|Any CPU = Debug|Any CPU
		Release|Any CPU = Release|Any CPU
	EndGlobalSection
	GlobalSection(ProjectConfigurationPlatforms) = postSolution
		{C7BBD082-4595-4343-939C-5B041F59BEC1}.Debug|Any CPU.ActiveCfg = Debug|Any CPU
		{C7BBD082-4595-4343-939C-5B041F59BEC1}.Debug|Any CPU.Build.0 = Debug|Any CPU
		{C7BBD082-4595-4343-939C-5B041F59BEC1}.Release|Any CPU.ActiveCfg = Release|Any CPU
		{C7BBD082-4595-4343-939C-5B041F59BEC1}.Release|Any CPU.Build.0 = Release|Any CPU
	EndGlobalSection
	GlobalSection(SolutionProperties) = preSolution
		HideSolutionNode = FALSE
	EndGlobalSection
	GlobalSection(ExtensibilityGlobals) = postSolution
		SolutionGuid = {C1204B64-3F7D-4AB3-936A-1A6740C8CDD3}
	EndGlobalSection
EndGlobal
