
Microsoft Visual Studio Solution File, Format Version 12.00
# Visual Studio 2012
Project("{F184B08F-C81C-45F6-A57F-5ABD9991F28F}") = "KromAgent", "KromAgent.vbproj", "{BC2CB314-0F82-4148-B6EE-FBF8313E926A}"
EndProject
Global
	GlobalSection(SolutionConfigurationPlatforms) = preSolution
		Debug|Any CPU = Debug|Any CPU
		Release|Any CPU = Release|Any CPU
	EndGlobalSection
	GlobalSection(ProjectConfigurationPlatforms) = postSolution
		{BC2CB314-0F82-4148-B6EE-FBF8313E926A}.Debug|Any CPU.ActiveCfg = Debug|Any CPU
		{BC2CB314-0F82-4148-B6EE-FBF8313E926A}.Debug|Any CPU.Build.0 = Debug|Any CPU
		{BC2CB314-0F82-4148-B6EE-FBF8313E926A}.Release|Any CPU.ActiveCfg = Release|Any CPU
		{BC2CB314-0F82-4148-B6EE-FBF8313E926A}.Release|Any CPU.Build.0 = Release|Any CPU
	EndGlobalSection
	GlobalSection(SolutionProperties) = preSolution
		HideSolutionNode = FALSE
	EndGlobalSection
EndGlobal
