
Microsoft Visual Studio Solution File, Format Version 12.00
# Visual Studio 2012
Project("{F184B08F-C81C-45F6-A57F-5ABD9991F28F}") = "wma", "wma.vbproj", "{C99971F8-EEBC-4B3B-ABA8-E3E675A8DF37}"
EndProject
Global
	GlobalSection(SolutionConfigurationPlatforms) = preSolution
		Debug|Any CPU = Debug|Any CPU
		Release|Any CPU = Release|Any CPU
	EndGlobalSection
	GlobalSection(ProjectConfigurationPlatforms) = postSolution
		{C99971F8-EEBC-4B3B-ABA8-E3E675A8DF37}.Debug|Any CPU.ActiveCfg = Debug|Any CPU
		{C99971F8-EEBC-4B3B-ABA8-E3E675A8DF37}.Debug|Any CPU.Build.0 = Debug|Any CPU
		{C99971F8-EEBC-4B3B-ABA8-E3E675A8DF37}.Release|Any CPU.ActiveCfg = Release|Any CPU
		{C99971F8-EEBC-4B3B-ABA8-E3E675A8DF37}.Release|Any CPU.Build.0 = Release|Any CPU
	EndGlobalSection
	GlobalSection(SolutionProperties) = preSolution
		HideSolutionNode = FALSE
	EndGlobalSection
EndGlobal
