
Microsoft Visual Studio Solution File, Format Version 12.00
# Visual Studio Version 16
VisualStudioVersion = 16.0.31624.102
MinimumVisualStudioVersion = 10.0.40219.1
Project("{F184B08F-C81C-45F6-A57F-5ABD9991F28F}") = "OperacionesCorreoElectronico64", "OperacionesCorreoElectronico64.vbproj", "{7290BF0D-2499-4F4D-AFBE-E1FBA8CBA921}"
EndProject
Global
	GlobalSection(SolutionConfigurationPlatforms) = preSolution
		Debug|Any CPU = Debug|Any CPU
		Release|Any CPU = Release|Any CPU
	EndGlobalSection
	GlobalSection(ProjectConfigurationPlatforms) = postSolution
		{7290BF0D-2499-4F4D-AFBE-E1FBA8CBA921}.Debug|Any CPU.ActiveCfg = Debug|Any CPU
		{7290BF0D-2499-4F4D-AFBE-E1FBA8CBA921}.Debug|Any CPU.Build.0 = Debug|Any CPU
		{7290BF0D-2499-4F4D-AFBE-E1FBA8CBA921}.Release|Any CPU.ActiveCfg = Release|Any CPU
		{7290BF0D-2499-4F4D-AFBE-E1FBA8CBA921}.Release|Any CPU.Build.0 = Release|Any CPU
	EndGlobalSection
	GlobalSection(SolutionProperties) = preSolution
		HideSolutionNode = FALSE
	EndGlobalSection
	GlobalSection(ExtensibilityGlobals) = postSolution
		SolutionGuid = {DC201C07-2B28-4BA1-A377-12E911F225BA}
	EndGlobalSection
EndGlobal
