
Microsoft Visual Studio Solution File, Format Version 11.00
# Visual Studio 2010
Project("{F184B08F-C81C-45F6-A57F-5ABD9991F28F}") = "ILeerArchivo", "ILeerArchivo\ILeerArchivo.vbproj", "{A84C2DCA-7DBD-477F-90F1-1E2915590F07}"
EndProject
Global
	GlobalSection(SolutionConfigurationPlatforms) = preSolution
		Debug|Any CPU = Debug|Any CPU
		Release|Any CPU = Release|Any CPU
	EndGlobalSection
	GlobalSection(ProjectConfigurationPlatforms) = postSolution
		{A84C2DCA-7DBD-477F-90F1-1E2915590F07}.Debug|Any CPU.ActiveCfg = Debug|Any CPU
		{A84C2DCA-7DBD-477F-90F1-1E2915590F07}.Debug|Any CPU.Build.0 = Debug|Any CPU
		{A84C2DCA-7DBD-477F-90F1-1E2915590F07}.Release|Any CPU.ActiveCfg = Release|Any CPU
		{A84C2DCA-7DBD-477F-90F1-1E2915590F07}.Release|Any CPU.Build.0 = Release|Any CPU
	EndGlobalSection
	GlobalSection(SolutionProperties) = preSolution
		HideSolutionNode = FALSE
	EndGlobalSection
EndGlobal
