
Microsoft Visual Studio Solution File, Format Version 12.00
# Visual Studio 2012
Project("{F184B08F-C81C-45F6-A57F-5ABD9991F28F}") = "IAdaptador", "IAdaptador\IAdaptador.vbproj", "{906A6C9F-604F-4920-A0A1-4D86E113E5EA}"
EndProject
Global
	GlobalSection(SolutionConfigurationPlatforms) = preSolution
		Debug|Any CPU = Debug|Any CPU
		Release|Any CPU = Release|Any CPU
	EndGlobalSection
	GlobalSection(ProjectConfigurationPlatforms) = postSolution
		{906A6C9F-604F-4920-A0A1-4D86E113E5EA}.Debug|Any CPU.ActiveCfg = Debug|Any CPU
		{906A6C9F-604F-4920-A0A1-4D86E113E5EA}.Debug|Any CPU.Build.0 = Debug|Any CPU
		{906A6C9F-604F-4920-A0A1-4D86E113E5EA}.Release|Any CPU.ActiveCfg = Release|Any CPU
		{906A6C9F-604F-4920-A0A1-4D86E113E5EA}.Release|Any CPU.Build.0 = Release|Any CPU
	EndGlobalSection
	GlobalSection(SolutionProperties) = preSolution
		HideSolutionNode = FALSE
	EndGlobalSection
EndGlobal
