
Microsoft Visual Studio Solution File, Format Version 12.00
# Visual Studio 2012
Project("{F184B08F-C81C-45F6-A57F-5ABD9991F28F}") = "MenuDinamico64", "MenuDinamico64.vbproj", "{FA4BF49D-94FA-41D2-A694-023D8F8C5726}"
EndProject
Global
	GlobalSection(SolutionConfigurationPlatforms) = preSolution
		Debug|Any CPU = Debug|Any CPU
		Release|Any CPU = Release|Any CPU
	EndGlobalSection
	GlobalSection(ProjectConfigurationPlatforms) = postSolution
		{FA4BF49D-94FA-41D2-A694-023D8F8C5726}.Debug|Any CPU.ActiveCfg = Debug|Any CPU
		{FA4BF49D-94FA-41D2-A694-023D8F8C5726}.Debug|Any CPU.Build.0 = Debug|Any CPU
		{FA4BF49D-94FA-41D2-A694-023D8F8C5726}.Release|Any CPU.ActiveCfg = Release|Any CPU
		{FA4BF49D-94FA-41D2-A694-023D8F8C5726}.Release|Any CPU.Build.0 = Release|Any CPU
	EndGlobalSection
	GlobalSection(SolutionProperties) = preSolution
		HideSolutionNode = FALSE
	EndGlobalSection
EndGlobal
