
Microsoft Visual Studio Solution File, Format Version 12.00
# Visual Studio Version 16
VisualStudioVersion = 16.0.32510.428
MinimumVisualStudioVersion = 10.0.40219.1
Project("{F184B08F-C81C-45F6-A57F-5ABD9991F28F}") = "ConstructorPedimentoNormalPDF64", "ConstructorPedimentoNormalPDF64.vbproj", "{3DC49C5F-329E-419F-A1CB-74F7CE9AD1C0}"
EndProject
Global
	GlobalSection(SolutionConfigurationPlatforms) = preSolution
		Debug|Any CPU = Debug|Any CPU
		Release|Any CPU = Release|Any CPU
	EndGlobalSection
	GlobalSection(ProjectConfigurationPlatforms) = postSolution
		{3DC49C5F-329E-419F-A1CB-74F7CE9AD1C0}.Debug|Any CPU.ActiveCfg = Debug|Any CPU
		{3DC49C5F-329E-419F-A1CB-74F7CE9AD1C0}.Debug|Any CPU.Build.0 = Debug|Any CPU
		{3DC49C5F-329E-419F-A1CB-74F7CE9AD1C0}.Release|Any CPU.ActiveCfg = Release|Any CPU
		{3DC49C5F-329E-419F-A1CB-74F7CE9AD1C0}.Release|Any CPU.Build.0 = Release|Any CPU
	EndGlobalSection
	GlobalSection(SolutionProperties) = preSolution
		HideSolutionNode = FALSE
	EndGlobalSection
	GlobalSection(ExtensibilityGlobals) = postSolution
		SolutionGuid = {BB7BAFFE-FBFB-4B3F-B144-3105D81EF472}
	EndGlobalSection
EndGlobal
