
Microsoft Visual Studio Solution File, Format Version 12.00
# Visual Studio Version 16
VisualStudioVersion = 16.0.31911.196
MinimumVisualStudioVersion = 10.0.40219.1
Project("{F184B08F-C81C-45F6-A57F-5ABD9991F28F}") = "OperacionesCatalogo64", "OperacionesCatalogo64\OperacionesCatalogo64.vbproj", "{CF86813A-EDE1-4537-80BD-E2AA8365132B}"
EndProject
Global
	GlobalSection(SolutionConfigurationPlatforms) = preSolution
		Debug|Any CPU = Debug|Any CPU
		Release|Any CPU = Release|Any CPU
	EndGlobalSection
	GlobalSection(ProjectConfigurationPlatforms) = postSolution
		{CF86813A-EDE1-4537-80BD-E2AA8365132B}.Debug|Any CPU.ActiveCfg = Debug|Any CPU
		{CF86813A-EDE1-4537-80BD-E2AA8365132B}.Debug|Any CPU.Build.0 = Debug|Any CPU
		{CF86813A-EDE1-4537-80BD-E2AA8365132B}.Release|Any CPU.ActiveCfg = Release|Any CPU
		{CF86813A-EDE1-4537-80BD-E2AA8365132B}.Release|Any CPU.Build.0 = Release|Any CPU
	EndGlobalSection
	GlobalSection(SolutionProperties) = preSolution
		HideSolutionNode = FALSE
	EndGlobalSection
	GlobalSection(ExtensibilityGlobals) = postSolution
		SolutionGuid = {332602D1-82BA-4682-9E93-CCB2CC89EEB8}
	EndGlobalSection
EndGlobal
