
Microsoft Visual Studio Solution File, Format Version 12.00
# Visual Studio Version 16
VisualStudioVersion = 16.0.32510.428
MinimumVisualStudioVersion = 10.0.40219.1
Project("{F184B08F-C81C-45F6-A57F-5ABD9991F28F}") = "ConstructorPedimentoPDF64", "ConstructorPedimentoPDF64.vbproj", "{138F304F-67DA-40C0-ABB6-F47BC8B92F42}"
EndProject
Global
	GlobalSection(SolutionConfigurationPlatforms) = preSolution
		Debug|Any CPU = Debug|Any CPU
		Release|Any CPU = Release|Any CPU
	EndGlobalSection
	GlobalSection(ProjectConfigurationPlatforms) = postSolution
		{138F304F-67DA-40C0-ABB6-F47BC8B92F42}.Debug|Any CPU.ActiveCfg = Debug|Any CPU
		{138F304F-67DA-40C0-ABB6-F47BC8B92F42}.Debug|Any CPU.Build.0 = Debug|Any CPU
		{138F304F-67DA-40C0-ABB6-F47BC8B92F42}.Release|Any CPU.ActiveCfg = Release|Any CPU
		{138F304F-67DA-40C0-ABB6-F47BC8B92F42}.Release|Any CPU.Build.0 = Release|Any CPU
	EndGlobalSection
	GlobalSection(SolutionProperties) = preSolution
		HideSolutionNode = FALSE
	EndGlobalSection
	GlobalSection(ExtensibilityGlobals) = postSolution
		SolutionGuid = {0F07D324-64BF-49BC-8B58-CDC9245F8367}
	EndGlobalSection
EndGlobal
