
Microsoft Visual Studio Solution File, Format Version 12.00
# Visual Studio 2012
Project("{F184B08F-C81C-45F6-A57F-5ABD9991F28F}") = "DlgProgressBar64", "DlgProgressBar64.vbproj", "{A436C7A9-3BDB-4D0C-B484-0EAB4E0CC797}"
EndProject
Global
	GlobalSection(SolutionConfigurationPlatforms) = preSolution
		Debug|Any CPU = Debug|Any CPU
		Release|Any CPU = Release|Any CPU
	EndGlobalSection
	GlobalSection(ProjectConfigurationPlatforms) = postSolution
		{A436C7A9-3BDB-4D0C-B484-0EAB4E0CC797}.Debug|Any CPU.ActiveCfg = Debug|Any CPU
		{A436C7A9-3BDB-4D0C-B484-0EAB4E0CC797}.Debug|Any CPU.Build.0 = Debug|Any CPU
		{A436C7A9-3BDB-4D0C-B484-0EAB4E0CC797}.Release|Any CPU.ActiveCfg = Release|Any CPU
		{A436C7A9-3BDB-4D0C-B484-0EAB4E0CC797}.Release|Any CPU.Build.0 = Release|Any CPU
	EndGlobalSection
	GlobalSection(SolutionProperties) = preSolution
		HideSolutionNode = FALSE
	EndGlobalSection
EndGlobal
