
Microsoft Visual Studio Solution File, Format Version 12.00
# Visual Studio 2012
Project("{FAE04EC0-301F-11D3-BF4B-00C04F79EFBC}") = "ParseNot264", "ParseNot264.csproj", "{74CC942D-125E-4E4F-AE5C-D45396A516B9}"
EndProject
Global
	GlobalSection(SolutionConfigurationPlatforms) = preSolution
		Debug|Any CPU = Debug|Any CPU
		Release|Any CPU = Release|Any CPU
	EndGlobalSection
	GlobalSection(ProjectConfigurationPlatforms) = postSolution
		{74CC942D-125E-4E4F-AE5C-D45396A516B9}.Debug|Any CPU.ActiveCfg = Debug|Any CPU
		{74CC942D-125E-4E4F-AE5C-D45396A516B9}.Debug|Any CPU.Build.0 = Debug|Any CPU
		{74CC942D-125E-4E4F-AE5C-D45396A516B9}.Release|Any CPU.ActiveCfg = Release|Any CPU
		{74CC942D-125E-4E4F-AE5C-D45396A516B9}.Release|Any CPU.Build.0 = Release|Any CPU
	EndGlobalSection
	GlobalSection(SolutionProperties) = preSolution
		HideSolutionNode = FALSE
	EndGlobalSection
EndGlobal
