
Microsoft Visual Studio Solution File, Format Version 12.00
# Visual Studio Version 17
VisualStudioVersion = 17.4.33103.184
MinimumVisualStudioVersion = 10.0.40219.1
Project("{F184B08F-C81C-45F6-A57F-5ABD9991F28F}") = "CtrlProveedoresOperativos64", "CtrlProveedoresOperativos64.vbproj", "{B9FAB909-D7BD-4459-8EAA-B3AB4F7E9598}"
EndProject
Global
	GlobalSection(SolutionConfigurationPlatforms) = preSolution
		Debug|Any CPU = Debug|Any CPU
		Release|Any CPU = Release|Any CPU
	EndGlobalSection
	GlobalSection(ProjectConfigurationPlatforms) = postSolution
		{B9FAB909-D7BD-4459-8EAA-B3AB4F7E9598}.Debug|Any CPU.ActiveCfg = Debug|Any CPU
		{B9FAB909-D7BD-4459-8EAA-B3AB4F7E9598}.Debug|Any CPU.Build.0 = Debug|Any CPU
		{B9FAB909-D7BD-4459-8EAA-B3AB4F7E9598}.Release|Any CPU.ActiveCfg = Release|Any CPU
		{B9FAB909-D7BD-4459-8EAA-B3AB4F7E9598}.Release|Any CPU.Build.0 = Release|Any CPU
	EndGlobalSection
	GlobalSection(SolutionProperties) = preSolution
		HideSolutionNode = FALSE
	EndGlobalSection
	GlobalSection(ExtensibilityGlobals) = postSolution
		SolutionGuid = {6A43C0C3-A94A-40BE-A894-D51A1CC0E1CE}
	EndGlobalSection
EndGlobal
