
Microsoft Visual Studio Solution File, Format Version 11.00
# Visual Studio 2010
Project("{F184B08F-C81C-45F6-A57F-5ABD9991F28F}") = "SectorEntorno32", "SectorEntorno32\SectorEntorno32.vbproj", "{897B74F5-BE13-4B8F-9C41-E14326E2CCEC}"
EndProject
Global
	GlobalSection(SolutionConfigurationPlatforms) = preSolution
		Debug|Any CPU = Debug|Any CPU
		Release|Any CPU = Release|Any CPU
	EndGlobalSection
	GlobalSection(ProjectConfigurationPlatforms) = postSolution
		{897B74F5-BE13-4B8F-9C41-E14326E2CCEC}.Debug|Any CPU.ActiveCfg = Debug|Any CPU
		{897B74F5-BE13-4B8F-9C41-E14326E2CCEC}.Debug|Any CPU.Build.0 = Debug|Any CPU
		{897B74F5-BE13-4B8F-9C41-E14326E2CCEC}.Release|Any CPU.ActiveCfg = Release|Any CPU
		{897B74F5-BE13-4B8F-9C41-E14326E2CCEC}.Release|Any CPU.Build.0 = Release|Any CPU
	EndGlobalSection
	GlobalSection(SolutionProperties) = preSolution
		HideSolutionNode = FALSE
	EndGlobalSection
EndGlobal
