
Microsoft Visual Studio Solution File, Format Version 12.00
# Visual Studio 2012
Project("{F184B08F-C81C-45F6-A57F-5ABD9991F28F}") = "ControladorPeticiones64", "ControladorPeticiones64.vbproj", "{BB4FC38F-2311-4538-B6D0-2B9A599120E6}"
EndProject
Project("{F184B08F-C81C-45F6-A57F-5ABD9991F28F}") = "IControladorPeticiones64", "..\..\1_0_stdIControladorPeticiones64_dll\IControladorPeticiones64\IControladorPeticiones64.vbproj", "{6D676B24-2A0D-4AD4-88DD-7762B72F8569}"
EndProject
Global
	GlobalSection(SolutionConfigurationPlatforms) = preSolution
		Debug|Any CPU = Debug|Any CPU
		Release|Any CPU = Release|Any CPU
	EndGlobalSection
	GlobalSection(ProjectConfigurationPlatforms) = postSolution
		{BB4FC38F-2311-4538-B6D0-2B9A599120E6}.Debug|Any CPU.ActiveCfg = Debug|Any CPU
		{BB4FC38F-2311-4538-B6D0-2B9A599120E6}.Debug|Any CPU.Build.0 = Debug|Any CPU
		{BB4FC38F-2311-4538-B6D0-2B9A599120E6}.Release|Any CPU.ActiveCfg = Release|Any CPU
		{BB4FC38F-2311-4538-B6D0-2B9A599120E6}.Release|Any CPU.Build.0 = Release|Any CPU
		{6D676B24-2A0D-4AD4-88DD-7762B72F8569}.Debug|Any CPU.ActiveCfg = Debug|Any CPU
		{6D676B24-2A0D-4AD4-88DD-7762B72F8569}.Debug|Any CPU.Build.0 = Debug|Any CPU
		{6D676B24-2A0D-4AD4-88DD-7762B72F8569}.Release|Any CPU.ActiveCfg = Release|Any CPU
		{6D676B24-2A0D-4AD4-88DD-7762B72F8569}.Release|Any CPU.Build.0 = Release|Any CPU
	EndGlobalSection
	GlobalSection(SolutionProperties) = preSolution
		HideSolutionNode = FALSE
	EndGlobalSection
EndGlobal
