
Microsoft Visual Studio Solution File, Format Version 12.00
# Visual Studio Version 17
VisualStudioVersion = 17.6.33815.320
MinimumVisualStudioVersion = 10.0.40219.1
Project("{F184B08F-C81C-45F6-A57F-5ABD9991F28F}") = "OperacionesPartidas64", "OperacionesPartidas64.vbproj", "{C9A35076-E311-4419-9CCA-1049937834BD}"
EndProject
Global
	GlobalSection(SolutionConfigurationPlatforms) = preSolution
		Debug|Any CPU = Debug|Any CPU
		Release|Any CPU = Release|Any CPU
	EndGlobalSection
	GlobalSection(ProjectConfigurationPlatforms) = postSolution
		{C9A35076-E311-4419-9CCA-1049937834BD}.Debug|Any CPU.ActiveCfg = Debug|Any CPU
		{C9A35076-E311-4419-9CCA-1049937834BD}.Debug|Any CPU.Build.0 = Debug|Any CPU
		{C9A35076-E311-4419-9CCA-1049937834BD}.Release|Any CPU.ActiveCfg = Release|Any CPU
		{C9A35076-E311-4419-9CCA-1049937834BD}.Release|Any CPU.Build.0 = Release|Any CPU
	EndGlobalSection
	GlobalSection(SolutionProperties) = preSolution
		HideSolutionNode = FALSE
	EndGlobalSection
	GlobalSection(ExtensibilityGlobals) = postSolution
		SolutionGuid = {6A903273-314E-428D-ADCD-A4B6E429AD5B}
	EndGlobalSection
EndGlobal
