
Microsoft Visual Studio Solution File, Format Version 12.00
# Visual Studio 2012
Project("{F184B08F-C81C-45F6-A57F-5ABD9991F28F}") = "TagBarControl", "TagBarControl\TagBarControl.vbproj", "{BE3860B8-1DE9-467A-B9CF-8E6E69F7164F}"
EndProject
Global
	GlobalSection(SolutionConfigurationPlatforms) = preSolution
		Debug|Any CPU = Debug|Any CPU
		Release|Any CPU = Release|Any CPU
	EndGlobalSection
	GlobalSection(ProjectConfigurationPlatforms) = postSolution
		{BE3860B8-1DE9-467A-B9CF-8E6E69F7164F}.Debug|Any CPU.ActiveCfg = Debug|Any CPU
		{BE3860B8-1DE9-467A-B9CF-8E6E69F7164F}.Debug|Any CPU.Build.0 = Debug|Any CPU
		{BE3860B8-1DE9-467A-B9CF-8E6E69F7164F}.Release|Any CPU.ActiveCfg = Release|Any CPU
		{BE3860B8-1DE9-467A-B9CF-8E6E69F7164F}.Release|Any CPU.Build.0 = Release|Any CPU
	EndGlobalSection
	GlobalSection(SolutionProperties) = preSolution
		HideSolutionNode = FALSE
	EndGlobalSection
EndGlobal
