
Microsoft Visual Studio Solution File, Format Version 12.00
# Visual Studio Version 16
VisualStudioVersion = 16.0.31624.102
MinimumVisualStudioVersion = 10.0.40219.1
Project("{F184B08F-C81C-45F6-A57F-5ABD9991F28F}") = "ConstructorBase64", "ConstructorBase64\ConstructorBase64.vbproj", "{2CE7F2E7-B153-4CB0-827D-F67DD4D006DE}"
EndProject
Global
	GlobalSection(SolutionConfigurationPlatforms) = preSolution
		Debug|Any CPU = Debug|Any CPU
		Release|Any CPU = Release|Any CPU
	EndGlobalSection
	GlobalSection(ProjectConfigurationPlatforms) = postSolution
		{2CE7F2E7-B153-4CB0-827D-F67DD4D006DE}.Debug|Any CPU.ActiveCfg = Debug|Any CPU
		{2CE7F2E7-B153-4CB0-827D-F67DD4D006DE}.Debug|Any CPU.Build.0 = Debug|Any CPU
		{2CE7F2E7-B153-4CB0-827D-F67DD4D006DE}.Release|Any CPU.ActiveCfg = Release|Any CPU
		{2CE7F2E7-B153-4CB0-827D-F67DD4D006DE}.Release|Any CPU.Build.0 = Release|Any CPU
	EndGlobalSection
	GlobalSection(SolutionProperties) = preSolution
		HideSolutionNode = FALSE
	EndGlobalSection
	GlobalSection(ExtensibilityGlobals) = postSolution
		SolutionGuid = {A9CC232E-23AB-4394-8B6B-6F19107E8ECE}
	EndGlobalSection
EndGlobal
