
Microsoft Visual Studio Solution File, Format Version 12.00
# Visual Studio Version 16
VisualStudioVersion = 16.0.31112.23
MinimumVisualStudioVersion = 10.0.40219.1
Project("{F184B08F-C81C-45F6-A57F-5ABD9991F28F}") = "CampoFecha64", "CampoFecha64\CampoFecha64.vbproj", "{14CB0E99-2A55-4A03-8167-5C802CB194A3}"
EndProject
Global
	GlobalSection(SolutionConfigurationPlatforms) = preSolution
		Debug|Any CPU = Debug|Any CPU
		Release|Any CPU = Release|Any CPU
	EndGlobalSection
	GlobalSection(ProjectConfigurationPlatforms) = postSolution
		{14CB0E99-2A55-4A03-8167-5C802CB194A3}.Debug|Any CPU.ActiveCfg = Debug|Any CPU
		{14CB0E99-2A55-4A03-8167-5C802CB194A3}.Debug|Any CPU.Build.0 = Debug|Any CPU
		{14CB0E99-2A55-4A03-8167-5C802CB194A3}.Release|Any CPU.ActiveCfg = Release|Any CPU
		{14CB0E99-2A55-4A03-8167-5C802CB194A3}.Release|Any CPU.Build.0 = Release|Any CPU
	EndGlobalSection
	GlobalSection(SolutionProperties) = preSolution
		HideSolutionNode = FALSE
	EndGlobalSection
	GlobalSection(ExtensibilityGlobals) = postSolution
		SolutionGuid = {6D4C4D91-57EF-480C-8ACC-88027A8F51BF}
	EndGlobalSection
EndGlobal
