
Microsoft Visual Studio Solution File, Format Version 12.00
# Visual Studio Version 16
VisualStudioVersion = 16.0.31112.23
MinimumVisualStudioVersion = 10.0.40219.1
Project("{F184B08F-C81C-45F6-A57F-5ABD9991F28F}") = "OperacionGenerica64", "OperacionGenerica64\OperacionGenerica64.vbproj", "{3316AAC4-A394-456D-83E8-227B2B269980}"
EndProject
Global
	GlobalSection(SolutionConfigurationPlatforms) = preSolution
		Debug|Any CPU = Debug|Any CPU
		Release|Any CPU = Release|Any CPU
	EndGlobalSection
	GlobalSection(ProjectConfigurationPlatforms) = postSolution
		{3316AAC4-A394-456D-83E8-227B2B269980}.Debug|Any CPU.ActiveCfg = Debug|Any CPU
		{3316AAC4-A394-456D-83E8-227B2B269980}.Debug|Any CPU.Build.0 = Debug|Any CPU
		{3316AAC4-A394-456D-83E8-227B2B269980}.Release|Any CPU.ActiveCfg = Release|Any CPU
		{3316AAC4-A394-456D-83E8-227B2B269980}.Release|Any CPU.Build.0 = Release|Any CPU
	EndGlobalSection
	GlobalSection(SolutionProperties) = preSolution
		HideSolutionNode = FALSE
	EndGlobalSection
	GlobalSection(ExtensibilityGlobals) = postSolution
		SolutionGuid = {52AFBEDC-359D-4C16-8D8C-4B33BC10D257}
	EndGlobalSection
EndGlobal
