
Microsoft Visual Studio Solution File, Format Version 12.00
# Visual Studio Version 16
VisualStudioVersion = 16.0.31624.102
MinimumVisualStudioVersion = 10.0.40219.1
Project("{F184B08F-C81C-45F6-A57F-5ABD9991F28F}") = "OperacionesNodos64", "OperacionesNodos64\OperacionesNodos64.vbproj", "{27F91980-8AE6-43B0-8277-B49AF64BAB0D}"
EndProject
Global
	GlobalSection(SolutionConfigurationPlatforms) = preSolution
		Debug|Any CPU = Debug|Any CPU
		Release|Any CPU = Release|Any CPU
	EndGlobalSection
	GlobalSection(ProjectConfigurationPlatforms) = postSolution
		{27F91980-8AE6-43B0-8277-B49AF64BAB0D}.Debug|Any CPU.ActiveCfg = Debug|Any CPU
		{27F91980-8AE6-43B0-8277-B49AF64BAB0D}.Debug|Any CPU.Build.0 = Debug|Any CPU
		{27F91980-8AE6-43B0-8277-B49AF64BAB0D}.Release|Any CPU.ActiveCfg = Release|Any CPU
		{27F91980-8AE6-43B0-8277-B49AF64BAB0D}.Release|Any CPU.Build.0 = Release|Any CPU
	EndGlobalSection
	GlobalSection(SolutionProperties) = preSolution
		HideSolutionNode = FALSE
	EndGlobalSection
	GlobalSection(ExtensibilityGlobals) = postSolution
		SolutionGuid = {8C8EA764-FBA3-487B-8FF8-79D99D4B4B79}
	EndGlobalSection
EndGlobal
